
Microsoft Visual Studio Solution File, Format Version 12.00
# Visual Studio Version 17
VisualStudioVersion = 17.5.33530.505
MinimumVisualStudioVersion = 10.0.40219.1
Project("{FAE04EC0-301F-11D3-BF4B-00C04F79EFBC}") = "3Layer_Test_V1", "3Layer_Test_V1\3Layer_Test_V1.csproj", "{D63F1D67-5849-4985-B1CC-FEB4CB51F596}"
EndProject
Project("{FAE04EC0-301F-11D3-BF4B-00C04F79EFBC}") = "DataAccess", "DataAccess\DataAccess.csproj", "{2944D478-BE6B-43B7-8BCF-FE12AE1F4F39}"
EndProject
Project("{FAE04EC0-301F-11D3-BF4B-00C04F79EFBC}") = "Model", "Model\Model.csproj", "{F5B2AD6C-68DF-49EC-8A7B-501D9BC39CFC}"
EndProject
Global
	GlobalSection(SolutionConfigurationPlatforms) = preSolution
		Debug|Any CPU = Debug|Any CPU
		Release|Any CPU = Release|Any CPU
	EndGlobalSection
	GlobalSection(ProjectConfigurationPlatforms) = postSolution
		{D63F1D67-5849-4985-B1CC-FEB4CB51F596}.Debug|Any CPU.ActiveCfg = Debug|Any CPU
		{D63F1D67-5849-4985-B1CC-FEB4CB51F596}.Debug|Any CPU.Build.0 = Debug|Any CPU
		{D63F1D67-5849-4985-B1CC-FEB4CB51F596}.Release|Any CPU.ActiveCfg = Release|Any CPU
		{D63F1D67-5849-4985-B1CC-FEB4CB51F596}.Release|Any CPU.Build.0 = Release|Any CPU
		{2944D478-BE6B-43B7-8BCF-FE12AE1F4F39}.Debug|Any CPU.ActiveCfg = Debug|Any CPU
		{2944D478-BE6B-43B7-8BCF-FE12AE1F4F39}.Debug|Any CPU.Build.0 = Debug|Any CPU
		{2944D478-BE6B-43B7-8BCF-FE12AE1F4F39}.Release|Any CPU.ActiveCfg = Release|Any CPU
		{2944D478-BE6B-43B7-8BCF-FE12AE1F4F39}.Release|Any CPU.Build.0 = Release|Any CPU
		{F5B2AD6C-68DF-49EC-8A7B-501D9BC39CFC}.Debug|Any CPU.ActiveCfg = Debug|Any CPU
		{F5B2AD6C-68DF-49EC-8A7B-501D9BC39CFC}.Debug|Any CPU.Build.0 = Debug|Any CPU
		{F5B2AD6C-68DF-49EC-8A7B-501D9BC39CFC}.Release|Any CPU.ActiveCfg = Release|Any CPU
		{F5B2AD6C-68DF-49EC-8A7B-501D9BC39CFC}.Release|Any CPU.Build.0 = Release|Any CPU
	EndGlobalSection
	GlobalSection(SolutionProperties) = preSolution
		HideSolutionNode = FALSE
	EndGlobalSection
	GlobalSection(ExtensibilityGlobals) = postSolution
		SolutionGuid = {8517CD46-5732-40E6-B7A3-5CB5FFD976B2}
	EndGlobalSection
EndGlobal
